
Microsoft Visual Studio Solution File, Format Version 12.00
# Visual Studio Version 16
VisualStudioVersion = 16.0.29926.136
MinimumVisualStudioVersion = 10.0.40219.1
Project("{FAE04EC0-301F-11D3-BF4B-00C04F79EFBC}") = "MobileStore", "MobileStore\MobileStore.csproj", "{2203AA38-C879-4843-805A-DD78DB5267AA}"
EndProject
Global
	GlobalSection(SolutionConfigurationPlatforms) = preSolution
		Debug|Any CPU = Debug|Any CPU
		Release|Any CPU = Release|Any CPU
	EndGlobalSection
	GlobalSection(ProjectConfigurationPlatforms) = postSolution
		{2203AA38-C879-4843-805A-DD78DB5267AA}.Debug|Any CPU.ActiveCfg = Debug|Any CPU
		{2203AA38-C879-4843-805A-DD78DB5267AA}.Debug|Any CPU.Build.0 = Debug|Any CPU
		{2203AA38-C879-4843-805A-DD78DB5267AA}.Release|Any CPU.ActiveCfg = Release|Any CPU
		{2203AA38-C879-4843-805A-DD78DB5267AA}.Release|Any CPU.Build.0 = Release|Any CPU
	EndGlobalSection
	GlobalSection(SolutionProperties) = preSolution
		HideSolutionNode = FALSE
	EndGlobalSection
	GlobalSection(ExtensibilityGlobals) = postSolution
		SolutionGuid = {32E4E7D0-B9EC-445A-83C4-06A790AADE60}
	EndGlobalSection
EndGlobal
